
Microsoft Visual Studio Solution File, Format Version 12.00
# Visual Studio Version 17
VisualStudioVersion = 17.9.34622.214
MinimumVisualStudioVersion = 10.0.40219.1
Project("{9A19103F-16F7-4668-BE54-9A1E7A4F7556}") = "BulkyWeb", "BulkyWeb\BulkyWeb.csproj", "{A90B3AB0-A4C5-43D6-8DEE-ACB4F32A6456}"
EndProject
Project("{FAE04EC0-301F-11D3-BF4B-00C04F79EFBC}") = "Bulky.DataAccess", "Bulky.DataAccess\Bulky.DataAccess.csproj", "{4CEB3F2C-8069-4526-8F4E-528330E7CA46}"
EndProject
Project("{FAE04EC0-301F-11D3-BF4B-00C04F79EFBC}") = "Bulky.Models", "Bulky.Models\Bulky.Models.csproj", "{9C036126-D5E2-462C-A060-35972D80EC70}"
EndProject
Project("{FAE04EC0-301F-11D3-BF4B-00C04F79EFBC}") = "Bulky.Utility", "Bulky.Utility\Bulky.Utility.csproj", "{8E6439AA-9E5D-47D8-B8E4-970315559068}"
EndProject
Global
	GlobalSection(SolutionConfigurationPlatforms) = preSolution
		Debug|Any CPU = Debug|Any CPU
		Release|Any CPU = Release|Any CPU
	EndGlobalSection
	GlobalSection(ProjectConfigurationPlatforms) = postSolution
		{A90B3AB0-A4C5-43D6-8DEE-ACB4F32A6456}.Debug|Any CPU.ActiveCfg = Debug|Any CPU
		{A90B3AB0-A4C5-43D6-8DEE-ACB4F32A6456}.Debug|Any CPU.Build.0 = Debug|Any CPU
		{A90B3AB0-A4C5-43D6-8DEE-ACB4F32A6456}.Release|Any CPU.ActiveCfg = Release|Any CPU
		{A90B3AB0-A4C5-43D6-8DEE-ACB4F32A6456}.Release|Any CPU.Build.0 = Release|Any CPU
		{4CEB3F2C-8069-4526-8F4E-528330E7CA46}.Debug|Any CPU.ActiveCfg = Debug|Any CPU
		{4CEB3F2C-8069-4526-8F4E-528330E7CA46}.Debug|Any CPU.Build.0 = Debug|Any CPU
		{4CEB3F2C-8069-4526-8F4E-528330E7CA46}.Release|Any CPU.ActiveCfg = Release|Any CPU
		{4CEB3F2C-8069-4526-8F4E-528330E7CA46}.Release|Any CPU.Build.0 = Release|Any CPU
		{9C036126-D5E2-462C-A060-35972D80EC70}.Debug|Any CPU.ActiveCfg = Debug|Any CPU
		{9C036126-D5E2-462C-A060-35972D80EC70}.Debug|Any CPU.Build.0 = Debug|Any CPU
		{9C036126-D5E2-462C-A060-35972D80EC70}.Release|Any CPU.ActiveCfg = Release|Any CPU
		{9C036126-D5E2-462C-A060-35972D80EC70}.Release|Any CPU.Build.0 = Release|Any CPU
		{8E6439AA-9E5D-47D8-B8E4-970315559068}.Debug|Any CPU.ActiveCfg = Debug|Any CPU
		{8E6439AA-9E5D-47D8-B8E4-970315559068}.Debug|Any CPU.Build.0 = Debug|Any CPU
		{8E6439AA-9E5D-47D8-B8E4-970315559068}.Release|Any CPU.ActiveCfg = Release|Any CPU
		{8E6439AA-9E5D-47D8-B8E4-970315559068}.Release|Any CPU.Build.0 = Release|Any CPU
	EndGlobalSection
	GlobalSection(SolutionProperties) = preSolution
		HideSolutionNode = FALSE
	EndGlobalSection
	GlobalSection(ExtensibilityGlobals) = postSolution
		SolutionGuid = {2DD407BF-FF1C-4F63-9C80-FD6D55657111}
	EndGlobalSection
EndGlobal
